// !$*UTF8*$!
{
	archiveVersion = 1;
	classes = {
	};
	objectVersion = 50;
	objects = {

/* Begin PBXBuildFile section */
		EE79B21F264CE9B60056B0A8 /* RRCombineAlamofireAPI.framework in Embed Frameworks */ = {isa = PBXBuildFile; fileRef = EE79B21A264CE99A0056B0A8 /* RRCombineAlamofireAPI.framework */; settings = {ATTRIBUTES = (CodeSignOnCopy, RemoveHeadersOnCopy, ); }; };
		EE79B220264CE9BD0056B0A8 /* RRCombineAlamofireAPI.framework in Frameworks */ = {isa = PBXBuildFile; fileRef = EE79B21A264CE99A0056B0A8 /* RRCombineAlamofireAPI.framework */; };
		EEA4AD36264C08740018805E /* AppDelegate.swift in Sources */ = {isa = PBXBuildFile; fileRef = EEA4AD35264C08740018805E /* AppDelegate.swift */; };
		EEA4AD38264C08740018805E /* SceneDelegate.swift in Sources */ = {isa = PBXBuildFile; fileRef = EEA4AD37264C08740018805E /* SceneDelegate.swift */; };
		EEA4AD3A264C08740018805E /* ViewController.swift in Sources */ = {isa = PBXBuildFile; fileRef = EEA4AD39264C08740018805E /* ViewController.swift */; };
		EEA4AD3D264C08740018805E /* Main.storyboard in Resources */ = {isa = PBXBuildFile; fileRef = EEA4AD3B264C08740018805E /* Main.storyboard */; };
		EEA4AD3F264C08760018805E /* Assets.xcassets in Resources */ = {isa = PBXBuildFile; fileRef = EEA4AD3E264C08760018805E /* Assets.xcassets */; };
		EEA4AD42264C08760018805E /* LaunchScreen.storyboard in Resources */ = {isa = PBXBuildFile; fileRef = EEA4AD40264C08760018805E /* LaunchScreen.storyboard */; };
		EEA4AD8A264C0DAC0018805E /* Models.swift in Sources */ = {isa = PBXBuildFile; fileRef = EEA4AD89264C0DAC0018805E /* Models.swift */; };
		EEA4AD91264C0DEE0018805E /* Extension.swift in Sources */ = {isa = PBXBuildFile; fileRef = EEA4AD90264C0DEE0018805E /* Extension.swift */; };
/* End PBXBuildFile section */

/* Begin PBXContainerItemProxy section */
		EE79B219264CE99A0056B0A8 /* PBXContainerItemProxy */ = {
			isa = PBXContainerItemProxy;
			containerPortal = EE79B212264CE9990056B0A8 /* RRCombineAlamofireAPI.xcodeproj */;
			proxyType = 2;
			remoteGlobalIDString = "RRCombineAlamofireAPI::RRCombineAlamofireAPI::Product";
			remoteInfo = RRCombineAlamofireAPI;
		};
		EE79B21B264CE99A0056B0A8 /* PBXContainerItemProxy */ = {
			isa = PBXContainerItemProxy;
			containerPortal = EE79B212264CE9990056B0A8 /* RRCombineAlamofireAPI.xcodeproj */;
			proxyType = 2;
			remoteGlobalIDString = "RRCombineAlamofireAPI::RRCombineAlamofireAPITests::Product";
			remoteInfo = RRCombineAlamofireAPITests;
		};
		EE79B21D264CE9AB0056B0A8 /* PBXContainerItemProxy */ = {
			isa = PBXContainerItemProxy;
			containerPortal = EE79B212264CE9990056B0A8 /* RRCombineAlamofireAPI.xcodeproj */;
			proxyType = 1;
			remoteGlobalIDString = "RRCombineAlamofireAPI::RRCombineAlamofireAPI";
			remoteInfo = RRCombineAlamofireAPI;
		};
/* End PBXContainerItemProxy section */

/* Begin PBXCopyFilesBuildPhase section */
		EE79B1DC264CE3BE0056B0A8 /* Embed Frameworks */ = {
			isa = PBXCopyFilesBuildPhase;
			buildActionMask = 2147483647;
			dstPath = "";
			dstSubfolderSpec = 10;
			files = (
				EE79B21F264CE9B60056B0A8 /* RRCombineAlamofireAPI.framework in Embed Frameworks */,
			);
			name = "Embed Frameworks";
			runOnlyForDeploymentPostprocessing = 0;
		};
/* End PBXCopyFilesBuildPhase section */

/* Begin PBXFileReference section */
		EE79B212264CE9990056B0A8 /* RRCombineAlamofireAPI.xcodeproj */ = {isa = PBXFileReference; lastKnownFileType = "wrapper.pb-project"; name = RRCombineAlamofireAPI.xcodeproj; path = ../RRCombineAlamofireAPI.xcodeproj; sourceTree = "<group>"; };
		EEA4AD32264C08740018805E /* ExampleApp.app */ = {isa = PBXFileReference; explicitFileType = wrapper.application; includeInIndex = 0; path = ExampleApp.app; sourceTree = BUILT_PRODUCTS_DIR; };
		EEA4AD35264C08740018805E /* AppDelegate.swift */ = {isa = PBXFileReference; lastKnownFileType = sourcecode.swift; path = AppDelegate.swift; sourceTree = "<group>"; };
		EEA4AD37264C08740018805E /* SceneDelegate.swift */ = {isa = PBXFileReference; lastKnownFileType = sourcecode.swift; path = SceneDelegate.swift; sourceTree = "<group>"; };
		EEA4AD39264C08740018805E /* ViewController.swift */ = {isa = PBXFileReference; lastKnownFileType = sourcecode.swift; path = ViewController.swift; sourceTree = "<group>"; };
		EEA4AD3C264C08740018805E /* Base */ = {isa = PBXFileReference; lastKnownFileType = file.storyboard; name = Base; path = Base.lproj/Main.storyboard; sourceTree = "<group>"; };
		EEA4AD3E264C08760018805E /* Assets.xcassets */ = {isa = PBXFileReference; lastKnownFileType = folder.assetcatalog; path = Assets.xcassets; sourceTree = "<group>"; };
		EEA4AD41264C08760018805E /* Base */ = {isa = PBXFileReference; lastKnownFileType = file.storyboard; name = Base; path = Base.lproj/LaunchScreen.storyboard; sourceTree = "<group>"; };
		EEA4AD43264C08770018805E /* Info.plist */ = {isa = PBXFileReference; lastKnownFileType = text.plist.xml; path = Info.plist; sourceTree = "<group>"; };
		EEA4AD89264C0DAC0018805E /* Models.swift */ = {isa = PBXFileReference; lastKnownFileType = sourcecode.swift; path = Models.swift; sourceTree = "<group>"; };
		EEA4AD90264C0DEE0018805E /* Extension.swift */ = {isa = PBXFileReference; lastKnownFileType = sourcecode.swift; path = Extension.swift; sourceTree = "<group>"; };
/* End PBXFileReference section */

/* Begin PBXFrameworksBuildPhase section */
		EEA4AD2F264C08740018805E /* Frameworks */ = {
			isa = PBXFrameworksBuildPhase;
			buildActionMask = 2147483647;
			files = (
				EE79B220264CE9BD0056B0A8 /* RRCombineAlamofireAPI.framework in Frameworks */,
			);
			runOnlyForDeploymentPostprocessing = 0;
		};
/* End PBXFrameworksBuildPhase section */

/* Begin PBXGroup section */
		EE79B20C264CE9390056B0A8 /* Frameworks */ = {
			isa = PBXGroup;
			children = (
			);
			name = Frameworks;
			sourceTree = "<group>";
		};
		EE79B213264CE9990056B0A8 /* Products */ = {
			isa = PBXGroup;
			children = (
				EE79B21A264CE99A0056B0A8 /* RRCombineAlamofireAPI.framework */,
				EE79B21C264CE99A0056B0A8 /* RRCombineAlamofireAPITests.xctest */,
			);
			name = Products;
			sourceTree = "<group>";
		};
		EEA4AD29264C08740018805E = {
			isa = PBXGroup;
			children = (
				EE79B212264CE9990056B0A8 /* RRCombineAlamofireAPI.xcodeproj */,
				EEA4AD34264C08740018805E /* ExampleApp */,
				EEA4AD33264C08740018805E /* Products */,
				EE79B20C264CE9390056B0A8 /* Frameworks */,
			);
			sourceTree = "<group>";
		};
		EEA4AD33264C08740018805E /* Products */ = {
			isa = PBXGroup;
			children = (
				EEA4AD32264C08740018805E /* ExampleApp.app */,
			);
			name = Products;
			sourceTree = "<group>";
		};
		EEA4AD34264C08740018805E /* ExampleApp */ = {
			isa = PBXGroup;
			children = (
				EEA4AD35264C08740018805E /* AppDelegate.swift */,
				EEA4AD37264C08740018805E /* SceneDelegate.swift */,
				EEA4AD39264C08740018805E /* ViewController.swift */,
				EEA4AD89264C0DAC0018805E /* Models.swift */,
				EEA4AD90264C0DEE0018805E /* Extension.swift */,
				EEA4AD3B264C08740018805E /* Main.storyboard */,
				EEA4AD3E264C08760018805E /* Assets.xcassets */,
				EEA4AD40264C08760018805E /* LaunchScreen.storyboard */,
				EEA4AD43264C08770018805E /* Info.plist */,
			);
			path = ExampleApp;
			sourceTree = "<group>";
		};
/* End PBXGroup section */

/* Begin PBXNativeTarget section */
		EEA4AD31264C08740018805E /* ExampleApp */ = {
			isa = PBXNativeTarget;
			buildConfigurationList = EEA4AD46264C08770018805E /* Build configuration list for PBXNativeTarget "ExampleApp" */;
			buildPhases = (
				EEA4AD2E264C08740018805E /* Sources */,
				EEA4AD2F264C08740018805E /* Frameworks */,
				EEA4AD30264C08740018805E /* Resources */,
				EE79B1DC264CE3BE0056B0A8 /* Embed Frameworks */,
			);
			buildRules = (
			);
			dependencies = (
				EE79B21E264CE9AB0056B0A8 /* PBXTargetDependency */,
			);
			name = ExampleApp;
			productName = ExampleApp;
			productReference = EEA4AD32264C08740018805E /* ExampleApp.app */;
			productType = "com.apple.product-type.application";
		};
/* End PBXNativeTarget section */

/* Begin PBXProject section */
		EEA4AD2A264C08740018805E /* Project object */ = {
			isa = PBXProject;
			attributes = {
				LastSwiftUpdateCheck = 1230;
				LastUpgradeCheck = 1230;
				TargetAttributes = {
					EEA4AD31264C08740018805E = {
						CreatedOnToolsVersion = 12.3;
					};
				};
			};
			buildConfigurationList = EEA4AD2D264C08740018805E /* Build configuration list for PBXProject "ExampleApp" */;
			compatibilityVersion = "Xcode 9.3";
			developmentRegion = en;
			hasScannedForEncodings = 0;
			knownRegions = (
				en,
				Base,
			);
			mainGroup = EEA4AD29264C08740018805E;
			productRefGroup = EEA4AD33264C08740018805E /* Products */;
			projectDirPath = "";
			projectReferences = (
				{
					ProductGroup = EE79B213264CE9990056B0A8 /* Products */;
					ProjectRef = EE79B212264CE9990056B0A8 /* RRCombineAlamofireAPI.xcodeproj */;
				},
			);
			projectRoot = "";
			targets = (
				EEA4AD31264C08740018805E /* ExampleApp */,
			);
		};
/* End PBXProject section */

/* Begin PBXReferenceProxy section */
		EE79B21A264CE99A0056B0A8 /* RRCombineAlamofireAPI.framework */ = {
			isa = PBXReferenceProxy;
			fileType = wrapper.framework;
			path = RRCombineAlamofireAPI.framework;
			remoteRef = EE79B219264CE99A0056B0A8 /* PBXContainerItemProxy */;
			sourceTree = BUILT_PRODUCTS_DIR;
		};
		EE79B21C264CE99A0056B0A8 /* RRCombineAlamofireAPITests.xctest */ = {
			isa = PBXReferenceProxy;
			fileType = file;
			path = RRCombineAlamofireAPITests.xctest;
			remoteRef = EE79B21B264CE99A0056B0A8 /* PBXContainerItemProxy */;
			sourceTree = BUILT_PRODUCTS_DIR;
		};
/* End PBXReferenceProxy section */

/* Begin PBXResourcesBuildPhase section */
		EEA4AD30264C08740018805E /* Resources */ = {
			isa = PBXResourcesBuildPhase;
			buildActionMask = 2147483647;
			files = (
				EEA4AD42264C08760018805E /* LaunchScreen.storyboard in Resources */,
				EEA4AD3F264C08760018805E /* Assets.xcassets in Resources */,
				EEA4AD3D264C08740018805E /* Main.storyboard in Resources */,
			);
			runOnlyForDeploymentPostprocessing = 0;
		};
/* End PBXResourcesBuildPhase section */

/* Begin PBXSourcesBuildPhase section */
		EEA4AD2E264C08740018805E /* Sources */ = {
			isa = PBXSourcesBuildPhase;
			buildActionMask = 2147483647;
			files = (
				EEA4AD91264C0DEE0018805E /* Extension.swift in Sources */,
				EEA4AD3A264C08740018805E /* ViewController.swift in Sources */,
				EEA4AD36264C08740018805E /* AppDelegate.swift in Sources */,
				EEA4AD38264C08740018805E /* SceneDelegate.swift in Sources */,
				EEA4AD8A264C0DAC0018805E /* Models.swift in Sources */,
			);
			runOnlyForDeploymentPostprocessing = 0;
		};
/* End PBXSourcesBuildPhase section */

/* Begin PBXTargetDependency section */
		EE79B21E264CE9AB0056B0A8 /* PBXTargetDependency */ = {
			isa = PBXTargetDependency;
			name = RRCombineAlamofireAPI;
			targetProxy = EE79B21D264CE9AB0056B0A8 /* PBXContainerItemProxy */;
		};
/* End PBXTargetDependency section */

/* Begin PBXVariantGroup section */
		EEA4AD3B264C08740018805E /* Main.storyboard */ = {
			isa = PBXVariantGroup;
			children = (
				EEA4AD3C264C08740018805E /* Base */,
			);
			name = Main.storyboard;
			sourceTree = "<group>";
		};
		EEA4AD40264C08760018805E /* LaunchScreen.storyboard */ = {
			isa = PBXVariantGroup;
			children = (
				EEA4AD41264C08760018805E /* Base */,
			);
			name = LaunchScreen.storyboard;
			sourceTree = "<group>";
		};
/* End PBXVariantGroup section */

/* Begin XCBuildConfiguration section */
		EEA4AD44264C08770018805E /* Debug */ = {
			isa = XCBuildConfiguration;
			buildSettings = {
				ALWAYS_SEARCH_USER_PATHS = NO;
				CLANG_ANALYZER_NONNULL = YES;
				CLANG_ANALYZER_NUMBER_OBJECT_CONVERSION = YES_AGGRESSIVE;
				CLANG_CXX_LANGUAGE_STANDARD = "gnu++14";
				CLANG_CXX_LIBRARY = "libc++";
				CLANG_ENABLE_MODULES = YES;
				CLANG_ENABLE_OBJC_ARC = YES;
				CLANG_ENABLE_OBJC_WEAK = YES;
				CLANG_WARN_BLOCK_CAPTURE_AUTORELEASING = YES;
				CLANG_WARN_BOOL_CONVERSION = YES;
				CLANG_WARN_COMMA = YES;
				CLANG_WARN_CONSTANT_CONVERSION = YES;
				CLANG_WARN_DEPRECATED_OBJC_IMPLEMENTATIONS = YES;
				CLANG_WARN_DIRECT_OBJC_ISA_USAGE = YES_ERROR;
				CLANG_WARN_DOCUMENTATION_COMMENTS = YES;
				CLANG_WARN_EMPTY_BODY = YES;
				CLANG_WARN_ENUM_CONVERSION = YES;
				CLANG_WARN_INFINITE_RECURSION = YES;
				CLANG_WARN_INT_CONVERSION = YES;
				CLANG_WARN_NON_LITERAL_NULL_CONVERSION = YES;
				CLANG_WARN_OBJC_IMPLICIT_RETAIN_SELF = YES;
				CLANG_WARN_OBJC_LITERAL_CONVERSION = YES;
				CLANG_WARN_OBJC_ROOT_CLASS = YES_ERROR;
				CLANG_WARN_QUOTED_INCLUDE_IN_FRAMEWORK_HEADER = YES;
				CLANG_WARN_RANGE_LOOP_ANALYSIS = YES;
				CLANG_WARN_STRICT_PROTOTYPES = YES;
				CLANG_WARN_SUSPICIOUS_MOVE = YES;
				CLANG_WARN_UNGUARDED_AVAILABILITY = YES_AGGRESSIVE;
				CLANG_WARN_UNREACHABLE_CODE = YES;
				CLANG_WARN__DUPLICATE_METHOD_MATCH = YES;
				COPY_PHASE_STRIP = NO;
				DEBUG_INFORMATION_FORMAT = dwarf;
				ENABLE_STRICT_OBJC_MSGSEND = YES;
				ENABLE_TESTABILITY = YES;
				GCC_C_LANGUAGE_STANDARD = gnu11;
				GCC_DYNAMIC_NO_PIC = NO;
				GCC_NO_COMMON_BLOCKS = YES;
				GCC_OPTIMIZATION_LEVEL = 0;
				GCC_PREPROCESSOR_DEFINITIONS = (
					"DEBUG=1",
					"$(inherited)",
				);
				GCC_WARN_64_TO_32_BIT_CONVERSION = YES;
				GCC_WARN_ABOUT_RETURN_TYPE = YES_ERROR;
				GCC_WARN_UNDECLARED_SELECTOR = YES;
				GCC_WARN_UNINITIALIZED_AUTOS = YES_AGGRESSIVE;
				GCC_WARN_UNUSED_FUNCTION = YES;
				GCC_WARN_UNUSED_VARIABLE = YES;
				IPHONEOS_DEPLOYMENT_TARGET = 14.0;
				MTL_ENABLE_DEBUG_INFO = INCLUDE_SOURCE;
				MTL_FAST_MATH = YES;
				ONLY_ACTIVE_ARCH = YES;
				SDKROOT = iphoneos;
				SWIFT_ACTIVE_COMPILATION_CONDITIONS = DEBUG;
				SWIFT_OPTIMIZATION_LEVEL = "-Onone";
			};
			name = Debug;
		};
		EEA4AD45264C08770018805E /* Release */ = {
			isa = XCBuildConfiguration;
			buildSettings = {
				ALWAYS_SEARCH_USER_PATHS = NO;
				CLANG_ANALYZER_NONNULL = YES;
				CLANG_ANALYZER_NUMBER_OBJECT_CONVERSION = YES_AGGRESSIVE;
				CLANG_CXX_LANGUAGE_STANDARD = "gnu++14";
				CLANG_CXX_LIBRARY = "libc++";
				CLANG_ENABLE_MODULES = YES;
				CLANG_ENABLE_OBJC_ARC = YES;
				CLANG_ENABLE_OBJC_WEAK = YES;
				CLANG_WARN_BLOCK_CAPTURE_AUTORELEASING = YES;
				CLANG_WARN_BOOL_CONVERSION = YES;
				CLANG_WARN_COMMA = YES;
				CLANG_WARN_CONSTANT_CONVERSION = YES;
				CLANG_WARN_DEPRECATED_OBJC_IMPLEMENTATIONS = YES;
				CLANG_WARN_DIRECT_OBJC_ISA_USAGE = YES_ERROR;
				CLANG_WARN_DOCUMENTATION_COMMENTS = YES;
				CLANG_WARN_EMPTY_BODY = YES;
				CLANG_WARN_ENUM_CONVERSION = YES;
				CLANG_WARN_INFINITE_RECURSION = YES;
				CLANG_WARN_INT_CONVERSION = YES;
				CLANG_WARN_NON_LITERAL_NULL_CONVERSION = YES;
				CLANG_WARN_OBJC_IMPLICIT_RETAIN_SELF = YES;
				CLANG_WARN_OBJC_LITERAL_CONVERSION = YES;
				CLANG_WARN_OBJC_ROOT_CLASS = YES_ERROR;
				CLANG_WARN_QUOTED_INCLUDE_IN_FRAMEWORK_HEADER = YES;
				CLANG_WARN_RANGE_LOOP_ANALYSIS = YES;
				CLANG_WARN_STRICT_PROTOTYPES = YES;
				CLANG_WARN_SUSPICIOUS_MOVE = YES;
				CLANG_WARN_UNGUARDED_AVAILABILITY = YES_AGGRESSIVE;
				CLANG_WARN_UNREACHABLE_CODE = YES;
				CLANG_WARN__DUPLICATE_METHOD_MATCH = YES;
				COPY_PHASE_STRIP = NO;
				DEBUG_INFORMATION_FORMAT = "dwarf-with-dsym";
				ENABLE_NS_ASSERTIONS = NO;
				ENABLE_STRICT_OBJC_MSGSEND = YES;
				GCC_C_LANGUAGE_STANDARD = gnu11;
				GCC_NO_COMMON_BLOCKS = YES;
				GCC_WARN_64_TO_32_BIT_CONVERSION = YES;
				GCC_WARN_ABOUT_RETURN_TYPE = YES_ERROR;
				GCC_WARN_UNDECLARED_SELECTOR = YES;
				GCC_WARN_UNINITIALIZED_AUTOS = YES_AGGRESSIVE;
				GCC_WARN_UNUSED_FUNCTION = YES;
				GCC_WARN_UNUSED_VARIABLE = YES;
				IPHONEOS_DEPLOYMENT_TARGET = 14.0;
				MTL_ENABLE_DEBUG_INFO = NO;
				MTL_FAST_MATH = YES;
				SDKROOT = iphoneos;
				SWIFT_COMPILATION_MODE = wholemodule;
				SWIFT_OPTIMIZATION_LEVEL = "-O";
				VALIDATE_PRODUCT = YES;
			};
			name = Release;
		};
		EEA4AD47264C08770018805E /* Debug */ = {
			isa = XCBuildConfiguration;
			buildSettings = {
				ASSETCATALOG_COMPILER_APPICON_NAME = AppIcon;
				ASSETCATALOG_COMPILER_GLOBAL_ACCENT_COLOR_NAME = AccentColor;
				CODE_SIGN_STYLE = Automatic;
				INFOPLIST_FILE = ExampleApp/Info.plist;
				IPHONEOS_DEPLOYMENT_TARGET = 14.0;
				LD_RUNPATH_SEARCH_PATHS = (
					"$(inherited)",
					"@executable_path/Frameworks",
				);
				ONLY_ACTIVE_ARCH = YES;
				PRODUCT_BUNDLE_IDENTIFIER = com..ExampleApp;
				PRODUCT_NAME = "$(TARGET_NAME)";
				SWIFT_VERSION = 5.0;
				TARGETED_DEVICE_FAMILY = 1;
			};
			name = Debug;
		};
		EEA4AD48264C08770018805E /* Release */ = {
			isa = XCBuildConfiguration;
			buildSettings = {
				ASSETCATALOG_COMPILER_APPICON_NAME = AppIcon;
				ASSETCATALOG_COMPILER_GLOBAL_ACCENT_COLOR_NAME = AccentColor;
				CODE_SIGN_STYLE = Automatic;
				INFOPLIST_FILE = ExampleApp/Info.plist;
				IPHONEOS_DEPLOYMENT_TARGET = 14.0;
				LD_RUNPATH_SEARCH_PATHS = (
					"$(inherited)",
					"@executable_path/Frameworks",
				);
				PRODUCT_BUNDLE_IDENTIFIER = com..ExampleApp;
				PRODUCT_NAME = "$(TARGET_NAME)";
				SWIFT_VERSION = 5.0;
				TARGETED_DEVICE_FAMILY = 1;
			};
			name = Release;
		};
/* End XCBuildConfiguration section */

/* Begin XCConfigurationList section */
		EEA4AD2D264C08740018805E /* Build configuration list for PBXProject "ExampleApp" */ = {
			isa = XCConfigurationList;
			buildConfigurations = (
				EEA4AD44264C08770018805E /* Debug */,
				EEA4AD45264C08770018805E /* Release */,
			);
			defaultConfigurationIsVisible = 0;
			defaultConfigurationName = Release;
		};
		EEA4AD46264C08770018805E /* Build configuration list for PBXNativeTarget "ExampleApp" */ = {
			isa = XCConfigurationList;
			buildConfigurations = (
				EEA4AD47264C08770018805E /* Debug */,
				EEA4AD48264C08770018805E /* Release */,
			);
			defaultConfigurationIsVisible = 0;
			defaultConfigurationName = Release;
		};
/* End XCConfigurationList section */
	};
	rootObject = EEA4AD2A264C08740018805E /* Project object */;
}
